{
    "_readme": [
        "This file locks the dependencies of your project to a known state",
        "Read more about it at https://getcomposer.org/doc/01-basic-usage.md#composer-lock-the-lock-file",
        "This file is @generated automatically"
    ],
    "hash": "c2e2f0642b48f0c006cdbc6a65d16ef6",
    "content-hash": "078ac3facd21844e09b29b12dc40fc58",
    "packages": [
        {
            "name": "overtrue/pinyin",
            "version": "2.6.7",
            "source": {
                "type": "git",
                "url": "https://github.com/overtrue/pinyin.git",
                "reference": "787cf837192ac8bd97386200fc66d513c0de7657"
            },
            "dist": {
                "type": "zip",
                "url": "https://api.github.com/repos/overtrue/pinyin/zipball/787cf837192ac8bd97386200fc66d513c0de7657",
                "reference": "787cf837192ac8bd97386200fc66d513c0de7657",
                "shasum": ""
            },
            "type": "library",
            "autoload": {
                "psr-4": {
                    "Overtrue\\": "src/"
                }
            },
            "notification-url": "http://pkg.overtrue.me/downloads/",
            "license": [
                "MIT"
            ],
            "authors": [
                {
                    "name": "Carlos",
                    "homepage": "http://github.com/overtrue"
                }
            ],
            "description": "Chinese to pinyin translator.",
            "homepage": "https://github.com/overtrue/pinyin",
            "keywords": [
                "Chinese",
                "Pinyin",
                "cn2pinyin"
            ],
            "time": "2016-01-19 06:57:04"
        }
    ],
    "packages-dev": [],
    "aliases": [],
    "minimum-stability": "stable",
    "stability-flags": [],
    "prefer-stable": false,
    "prefer-lowest": false,
    "platform": [],
    "platform-dev": []
}
