{
    "_readme": [
        "This file locks the dependencies of your project to a known state",
        "Read more about it at https://getcomposer.org/doc/01-basic-usage.md#composer-lock-the-lock-file",
        "This file is @generated automatically"
    ],
    "hash": "aa2af25ec7e4a0457b5e194363baddd4",
    "content-hash": "a28564766ec34656658bc2e27a1e75cd",
    "packages": [
        {
            "name": "overtrue/pinyin",
            "version": "2.6.0",
            "source": {
                "type": "git",
                "url": "https://github.com/overtrue/pinyin.git",
                "reference": "c579f00f10eebabd7685c940409633bd2001932c"
            },
            "dist": {
                "type": "zip",
                "url": "https://api.github.com/repos/overtrue/pinyin/zipball/c579f00f10eebabd7685c940409633bd2001932c",
                "reference": "c579f00f10eebabd7685c940409633bd2001932c",
                "shasum": ""
            },
            "type": "library",
            "autoload": {
                "psr-4": {
                    "Overtrue\\": "src/"
                }
            },
            "notification-url": "https://packagist.org/downloads/",
            "license": [
                "MIT"
            ],
            "authors": [
                {
                    "name": "Carlos",
                    "homepage": "http://github.com/overtrue"
                }
            ],
            "description": "Chinese to pinyin translator.",
            "homepage": "https://github.com/overtrue/pinyin",
            "keywords": [
                "Chinese",
                "Pinyin",
                "cn2pinyin"
            ],
            "time": "2015-08-01 04:52:56"
        }
    ],
    "packages-dev": [],
    "aliases": [],
    "minimum-stability": "stable",
    "stability-flags": [],
    "prefer-stable": false,
    "prefer-lowest": false,
    "platform": [],
    "platform-dev": []
}
